
Microsoft Visual Studio Solution File, Format Version 12.00
# Visual Studio 15
Project("{FAE04EC0-301F-11D3-BF4B-00C04F79EFBC}") = "SearchEngineConolse", "SearchEngineConolse\SearchEngineConolse.csproj", "{210A4B1D-4829-49D4-9251-1AED0BB0948A}"
EndProject
Global
	GlobalSection(SolutionConfigurationPlatforms) = preSolution
		Debug|Any CPU = Debug|Any CPU
		Release|Any CPU = Release|Any CPU
	EndGlobalSection
	GlobalSection(ProjectConfigurationPlatforms) = postSolution
		{210A4B1D-4829-49D4-9251-1AED0BB0948A}.Debug|Any CPU.ActiveCfg = Debug|Any CPU
		{210A4B1D-4829-49D4-9251-1AED0BB0948A}.Debug|Any CPU.Build.0 = Debug|Any CPU
		{210A4B1D-4829-49D4-9251-1AED0BB0948A}.Release|Any CPU.ActiveCfg = Release|Any CPU
		{210A4B1D-4829-49D4-9251-1AED0BB0948A}.Release|Any CPU.Build.0 = Release|Any CPU
	EndGlobalSection
EndGlobal
